
Microsoft Visual Studio Solution File, Format Version 12.00
# Visual Studio 2013
VisualStudioVersion = 12.0.30501.0
MinimumVisualStudioVersion = 10.0.40219.1
Project("{FAE04EC0-301F-11D3-BF4B-00C04F79EFBC}") = "MvvmFlyouts", "MvvmFlyouts\MvvmFlyouts.csproj", "{258C6352-19C0-42DF-B219-C789BAB70B77}"
EndProject
Project("{FAE04EC0-301F-11D3-BF4B-00C04F79EFBC}") = "MvvmFlyouts.Test", "MvvmFlyouts.Test\MvvmFlyouts.Test.csproj", "{F053C6A7-2B6D-4B1F-AD10-7E89EDD08C1A}"
EndProject
Global
	GlobalSection(SolutionConfigurationPlatforms) = preSolution
		Debug|Any CPU = Debug|Any CPU
		Release|Any CPU = Release|Any CPU
	EndGlobalSection
	GlobalSection(ProjectConfigurationPlatforms) = postSolution
		{258C6352-19C0-42DF-B219-C789BAB70B77}.Debug|Any CPU.ActiveCfg = Debug|Any CPU
		{258C6352-19C0-42DF-B219-C789BAB70B77}.Debug|Any CPU.Build.0 = Debug|Any CPU
		{258C6352-19C0-42DF-B219-C789BAB70B77}.Release|Any CPU.ActiveCfg = Release|Any CPU
		{258C6352-19C0-42DF-B219-C789BAB70B77}.Release|Any CPU.Build.0 = Release|Any CPU
		{F053C6A7-2B6D-4B1F-AD10-7E89EDD08C1A}.Debug|Any CPU.ActiveCfg = Debug|Any CPU
		{F053C6A7-2B6D-4B1F-AD10-7E89EDD08C1A}.Debug|Any CPU.Build.0 = Debug|Any CPU
		{F053C6A7-2B6D-4B1F-AD10-7E89EDD08C1A}.Release|Any CPU.ActiveCfg = Release|Any CPU
		{F053C6A7-2B6D-4B1F-AD10-7E89EDD08C1A}.Release|Any CPU.Build.0 = Release|Any CPU
	EndGlobalSection
	GlobalSection(SolutionProperties) = preSolution
		HideSolutionNode = FALSE
	EndGlobalSection
EndGlobal
